
Microsoft Visual Studio Solution File, Format Version 11.00
# Visual Studio 2010
Project("{FAE04EC0-301F-11D3-BF4B-00C04F79EFBC}") = "GamesDeneme", "Assembly-CSharp.csproj", "{F60BCA9E-7054-DB2D-0392-07598A40E79A}"
EndProject
Project("{FAE04EC0-301F-11D3-BF4B-00C04F79EFBC}") = "GamesDeneme", "Assembly-CSharp-firstpass.csproj", "{D62AF953-4B92-5BF0-538F-11EC692D10C5}"
EndProject
Global
	GlobalSection(SolutionConfigurationPlatforms) = preSolution
		Debug|Any CPU = Debug|Any CPU
		Release|Any CPU = Release|Any CPU
	EndGlobalSection
	GlobalSection(ProjectConfigurationPlatforms) = postSolution
		{F60BCA9E-7054-DB2D-0392-07598A40E79A}.Debug|Any CPU.ActiveCfg = Debug|Any CPU
		{F60BCA9E-7054-DB2D-0392-07598A40E79A}.Debug|Any CPU.Build.0 = Debug|Any CPU
		{F60BCA9E-7054-DB2D-0392-07598A40E79A}.Release|Any CPU.ActiveCfg = Release|Any CPU
		{F60BCA9E-7054-DB2D-0392-07598A40E79A}.Release|Any CPU.Build.0 = Release|Any CPU
		{D62AF953-4B92-5BF0-538F-11EC692D10C5}.Debug|Any CPU.ActiveCfg = Debug|Any CPU
		{D62AF953-4B92-5BF0-538F-11EC692D10C5}.Debug|Any CPU.Build.0 = Debug|Any CPU
		{D62AF953-4B92-5BF0-538F-11EC692D10C5}.Release|Any CPU.ActiveCfg = Release|Any CPU
		{D62AF953-4B92-5BF0-538F-11EC692D10C5}.Release|Any CPU.Build.0 = Release|Any CPU
	EndGlobalSection
	GlobalSection(SolutionProperties) = preSolution
		HideSolutionNode = FALSE
	EndGlobalSection
	GlobalSection(MonoDevelopProperties) = preSolution
		StartupItem = Assembly-CSharp.csproj
	EndGlobalSection
EndGlobal
